{
  "name": "mcp-tool-router",
  "version": "0.1.0",
  "lockfileVersion": 3,
  "requires": true,
  "packages": {
    "": {
      "name": "mcp-tool-router",
      "version": "0.1.0",
      "license": "MIT",
      "workspaces": [
        "packages/*"
      ],
      "devDependencies": {
        "typescript": "^5.4.5"
      },
      "engines": {
        "node": ">=20"
      }
    },
    "node_modules/@mcp-tool-router/cli": {
      "resolved": "packages/cli",
      "link": true
    },
    "node_modules/@mcp-tool-router/core": {
      "resolved": "packages/core",
      "link": true
    },
    "node_modules/@mcp-tool-router/daemon": {
      "resolved": "packages/daemon",
      "link": true
    },
    "node_modules/@mcp-tool-router/shared": {
      "resolved": "packages/shared",
      "link": true
    },
    "node_modules/typescript": {
      "version": "5.9.3",
      "resolved": "https://registry.npmjs.org/typescript/-/typescript-5.9.3.tgz",
      "integrity": "sha512-jl1vZzPDinLr9eUt3J/t7V6FgNEw9QjvBPdysz9KfQDD41fQrC2Y4vKQdiaUpFT4bXlb1RHhLpp8wtm6M5TgSw==",
      "dev": true,
      "license": "Apache-2.0",
      "bin": {
        "tsc": "bin/tsc",
        "tsserver": "bin/tsserver"
      },
      "engines": {
        "node": ">=14.17"
      }
    },
    "packages/cli": {
      "name": "@mcp-tool-router/cli",
      "version": "0.1.0",
      "license": "MIT",
      "dependencies": {
        "@mcp-tool-router/core": "0.1.0",
        "@mcp-tool-router/shared": "0.1.0"
      },
      "bin": {
        "tool-router": "dist/index.js"
      }
    },
    "packages/core": {
      "name": "@mcp-tool-router/core",
      "version": "0.1.0",
      "license": "MIT",
      "dependencies": {
        "@mcp-tool-router/shared": "0.1.0"
      }
    },
    "packages/daemon": {
      "name": "@mcp-tool-router/daemon",
      "version": "0.1.0",
      "license": "MIT",
      "dependencies": {
        "@mcp-tool-router/core": "0.1.0",
        "@mcp-tool-router/shared": "0.1.0"
      },
      "bin": {
        "tool-routerd": "dist/cli.js"
      }
    },
    "packages/shared": {
      "name": "@mcp-tool-router/shared",
      "version": "0.1.0",
      "license": "MIT"
    }
  }
}
